{
  "name": "markdown-it-code-copy",
  "version": "0.1.1",
  "lockfileVersion": 1,
  "requires": true,
  "dependencies": {
    "argparse": {
      "version": "1.0.10",
      "resolved": "https://registry.npm.taobao.org/argparse/download/argparse-1.0.10.tgz",
      "integrity": "sha1-vNZ5HqWuCXJeF+WtmIE0zUCz2RE=",
      "dev": true,
      "requires": {
        "sprintf-js": "~1.0.2"
      }
    },
    "clipboard": {
      "version": "2.0.6",
      "resolved": "https://registry.npm.taobao.org/clipboard/download/clipboard-2.0.6.tgz?cache=0&sync_timestamp=1583389667105&other_urls=https%3A%2F%2Fregistry.npm.taobao.org%2Fclipboard%2Fdownload%2Fclipboard-2.0.6.tgz",
      "integrity": "sha1-UpISlu7A/fd+rRdJQhshyWhkc3Y=",
      "requires": {
        "good-listener": "^1.2.2",
        "select": "^1.1.2",
        "tiny-emitter": "^2.0.0"
      }
    },
    "delegate": {
      "version": "3.2.0",
      "resolved": "https://registry.npm.taobao.org/delegate/download/delegate-3.2.0.tgz",
      "integrity": "sha1-tmtxwxWFIuirV0T3INjKDCr1kWY="
    },
    "entities": {
      "version": "2.0.2",
      "resolved": "https://registry.npm.taobao.org/entities/download/entities-2.0.2.tgz",
      "integrity": "sha1-rHTbC7qNM4CLvzaAnDpcNoNTFDY=",
      "dev": true
    },
    "good-listener": {
      "version": "1.2.2",
      "resolved": "https://registry.npm.taobao.org/good-listener/download/good-listener-1.2.2.tgz",
      "integrity": "sha1-1TswzfkxPf+33JoNR3CWqm0UXFA=",
      "requires": {
        "delegate": "^3.1.2"
      }
    },
    "linkify-it": {
      "version": "2.2.0",
      "resolved": "https://registry.npm.taobao.org/linkify-it/download/linkify-it-2.2.0.tgz",
      "integrity": "sha1-47VGl+eL+RXHCjis14/QngBYsc8=",
      "dev": true,
      "requires": {
        "uc.micro": "^1.0.1"
      }
    },
    "lodash": {
      "version": "4.17.21",
      "resolved": "https://registry.npmjs.org/lodash/-/lodash-4.17.21.tgz",
      "integrity": "sha512-v2kDEe57lecTulaDIuNTPy3Ry4gLGJ6Z1O3vE1krgXZNrsQ+LFTGHVxVjcXPs17LhbZVGedAJv8XZ1tvj5FvSg=="
    },
    "markdown-it": {
      "version": "10.0.0",
      "resolved": "https://registry.npm.taobao.org/markdown-it/download/markdown-it-10.0.0.tgz?cache=0&other_urls=https%3A%2F%2Fregistry.npm.taobao.org%2Fmarkdown-it%2Fdownload%2Fmarkdown-it-10.0.0.tgz",
      "integrity": "sha1-q/xk8UGxci1mNAIETkOSfx9QqNw=",
      "dev": true,
      "requires": {
        "argparse": "^1.0.7",
        "entities": "~2.0.0",
        "linkify-it": "^2.0.0",
        "mdurl": "^1.0.1",
        "uc.micro": "^1.0.5"
      }
    },
    "mdurl": {
      "version": "1.0.1",
      "resolved": "https://registry.npm.taobao.org/mdurl/download/mdurl-1.0.1.tgz",
      "integrity": "sha1-/oWy7HWlkDfyrf7BAP1sYBdhFS4=",
      "dev": true
    },
    "select": {
      "version": "1.1.2",
      "resolved": "https://registry.npm.taobao.org/select/download/select-1.1.2.tgz",
      "integrity": "sha1-DnNQrN7ICxEIUoeG7B1EGNEbOW0="
    },
    "sprintf-js": {
      "version": "1.0.3",
      "resolved": "https://registry.npm.taobao.org/sprintf-js/download/sprintf-js-1.0.3.tgz",
      "integrity": "sha1-BOaSb2YolTVPPdAVIDYzuFcpfiw=",
      "dev": true
    },
    "tiny-emitter": {
      "version": "2.1.0",
      "resolved": "https://registry.npm.taobao.org/tiny-emitter/download/tiny-emitter-2.1.0.tgz",
      "integrity": "sha1-HRpW7fxRxD6GPLtTgqcjMONVVCM="
    },
    "uc.micro": {
      "version": "1.0.6",
      "resolved": "https://registry.npm.taobao.org/uc.micro/download/uc.micro-1.0.6.tgz",
      "integrity": "sha1-nEEagCpAmpH8bPdAgbq6NLJEmaw=",
      "dev": true
    }
  }
}
